// !$*UTF8*$!
{
	archiveVersion = 1;
	classes = {
	};
	objectVersion = 48;
	objects = {

/* Begin PBXBuildFile section */
		3F425C491EE6B9A400F21FEC /* AppDelegate.swift in Sources */ = {isa = PBXBuildFile; fileRef = 3F425C481EE6B9A400F21FEC /* AppDelegate.swift */; };
		3F425C4B1EE6B9A400F21FEC /* ViewController.swift in Sources */ = {isa = PBXBuildFile; fileRef = 3F425C4A1EE6B9A400F21FEC /* ViewController.swift */; };
		3F425C4E1EE6B9A400F21FEC /* Main.storyboard in Resources */ = {isa = PBXBuildFile; fileRef = 3F425C4C1EE6B9A400F21FEC /* Main.storyboard */; };
		3F425C501EE6B9A400F21FEC /* Assets.xcassets in Resources */ = {isa = PBXBuildFile; fileRef = 3F425C4F1EE6B9A400F21FEC /* Assets.xcassets */; };
		3F425C531EE6B9A400F21FEC /* LaunchScreen.storyboard in Resources */ = {isa = PBXBuildFile; fileRef = 3F425C511EE6B9A400F21FEC /* LaunchScreen.storyboard */; };
		3F425C5E1EE6B9A400F21FEC /* ios11NFCTestTests.swift in Sources */ = {isa = PBXBuildFile; fileRef = 3F425C5D1EE6B9A400F21FEC /* ios11NFCTestTests.swift */; };
		3F425C691EE6B9A400F21FEC /* ios11NFCTestUITests.swift in Sources */ = {isa = PBXBuildFile; fileRef = 3F425C681EE6B9A400F21FEC /* ios11NFCTestUITests.swift */; };
		3F425C781EE6BBF600F21FEC /* CoreNFC.framework in Frameworks */ = {isa = PBXBuildFile; fileRef = 3F425C771EE6BAEE00F21FEC /* CoreNFC.framework */; };
/* End PBXBuildFile section */

/* Begin PBXContainerItemProxy section */
		3F425C5A1EE6B9A400F21FEC /* PBXContainerItemProxy */ = {
			isa = PBXContainerItemProxy;
			containerPortal = 3F425C3D1EE6B9A400F21FEC /* Project object */;
			proxyType = 1;
			remoteGlobalIDString = 3F425C441EE6B9A400F21FEC;
			remoteInfo = ios11NFCTest;
		};
		3F425C651EE6B9A400F21FEC /* PBXContainerItemProxy */ = {
			isa = PBXContainerItemProxy;
			containerPortal = 3F425C3D1EE6B9A400F21FEC /* Project object */;
			proxyType = 1;
			remoteGlobalIDString = 3F425C441EE6B9A400F21FEC;
			remoteInfo = ios11NFCTest;
		};
/* End PBXContainerItemProxy section */

/* Begin PBXFileReference section */
		3F425C451EE6B9A400F21FEC /* ios11NFCTest.app */ = {isa = PBXFileReference; explicitFileType = wrapper.application; includeInIndex = 0; path = ios11NFCTest.app; sourceTree = BUILT_PRODUCTS_DIR; };
		3F425C481EE6B9A400F21FEC /* AppDelegate.swift */ = {isa = PBXFileReference; lastKnownFileType = sourcecode.swift; path = AppDelegate.swift; sourceTree = "<group>"; };
		3F425C4A1EE6B9A400F21FEC /* ViewController.swift */ = {isa = PBXFileReference; lastKnownFileType = sourcecode.swift; path = ViewController.swift; sourceTree = "<group>"; };
		3F425C4D1EE6B9A400F21FEC /* Base */ = {isa = PBXFileReference; lastKnownFileType = file.storyboard; name = Base; path = Base.lproj/Main.storyboard; sourceTree = "<group>"; };
		3F425C4F1EE6B9A400F21FEC /* Assets.xcassets */ = {isa = PBXFileReference; lastKnownFileType = folder.assetcatalog; path = Assets.xcassets; sourceTree = "<group>"; };
		3F425C521EE6B9A400F21FEC /* Base */ = {isa = PBXFileReference; lastKnownFileType = file.storyboard; name = Base; path = Base.lproj/LaunchScreen.storyboard; sourceTree = "<group>"; };
		3F425C541EE6B9A400F21FEC /* Info.plist */ = {isa = PBXFileReference; lastKnownFileType = text.plist.xml; path = Info.plist; sourceTree = "<group>"; };
		3F425C591EE6B9A400F21FEC /* ios11NFCTestTests.xctest */ = {isa = PBXFileReference; explicitFileType = wrapper.cfbundle; includeInIndex = 0; path = ios11NFCTestTests.xctest; sourceTree = BUILT_PRODUCTS_DIR; };
		3F425C5D1EE6B9A400F21FEC /* ios11NFCTestTests.swift */ = {isa = PBXFileReference; lastKnownFileType = sourcecode.swift; path = ios11NFCTestTests.swift; sourceTree = "<group>"; };
		3F425C5F1EE6B9A400F21FEC /* Info.plist */ = {isa = PBXFileReference; lastKnownFileType = text.plist.xml; path = Info.plist; sourceTree = "<group>"; };
		3F425C641EE6B9A400F21FEC /* ios11NFCTestUITests.xctest */ = {isa = PBXFileReference; explicitFileType = wrapper.cfbundle; includeInIndex = 0; path = ios11NFCTestUITests.xctest; sourceTree = BUILT_PRODUCTS_DIR; };
		3F425C681EE6B9A400F21FEC /* ios11NFCTestUITests.swift */ = {isa = PBXFileReference; lastKnownFileType = sourcecode.swift; path = ios11NFCTestUITests.swift; sourceTree = "<group>"; };
		3F425C6A1EE6B9A400F21FEC /* Info.plist */ = {isa = PBXFileReference; lastKnownFileType = text.plist.xml; path = Info.plist; sourceTree = "<group>"; };
		3F425C771EE6BAEE00F21FEC /* CoreNFC.framework */ = {isa = PBXFileReference; lastKnownFileType = wrapper.framework; name = CoreNFC.framework; path = System/Library/Frameworks/CoreNFC.framework; sourceTree = SDKROOT; };
		3F90BB121EE794AF00C9CC17 /* ios11NFCTest.entitlements */ = {isa = PBXFileReference; lastKnownFileType = text.plist.entitlements; path = ios11NFCTest.entitlements; sourceTree = "<group>"; };
/* End PBXFileReference section */

/* Begin PBXFrameworksBuildPhase section */
		3F425C421EE6B9A400F21FEC /* Frameworks */ = {
			isa = PBXFrameworksBuildPhase;
			buildActionMask = 2147483647;
			files = (
				3F425C781EE6BBF600F21FEC /* CoreNFC.framework in Frameworks */,
			);
			runOnlyForDeploymentPostprocessing = 0;
		};
		3F425C561EE6B9A400F21FEC /* Frameworks */ = {
			isa = PBXFrameworksBuildPhase;
			buildActionMask = 2147483647;
			files = (
			);
			runOnlyForDeploymentPostprocessing = 0;
		};
		3F425C611EE6B9A400F21FEC /* Frameworks */ = {
			isa = PBXFrameworksBuildPhase;
			buildActionMask = 2147483647;
			files = (
			);
			runOnlyForDeploymentPostprocessing = 0;
		};
/* End PBXFrameworksBuildPhase section */

/* Begin PBXGroup section */
		3F425C3C1EE6B9A400F21FEC = {
			isa = PBXGroup;
			children = (
				3F425C471EE6B9A400F21FEC /* ios11NFCTest */,
				3F425C5C1EE6B9A400F21FEC /* ios11NFCTestTests */,
				3F425C671EE6B9A400F21FEC /* ios11NFCTestUITests */,
				3F425C461EE6B9A400F21FEC /* Products */,
				3F425C761EE6BAEE00F21FEC /* Frameworks */,
			);
			sourceTree = "<group>";
		};
		3F425C461EE6B9A400F21FEC /* Products */ = {
			isa = PBXGroup;
			children = (
				3F425C451EE6B9A400F21FEC /* ios11NFCTest.app */,
				3F425C591EE6B9A400F21FEC /* ios11NFCTestTests.xctest */,
				3F425C641EE6B9A400F21FEC /* ios11NFCTestUITests.xctest */,
			);
			name = Products;
			sourceTree = "<group>";
		};
		3F425C471EE6B9A400F21FEC /* ios11NFCTest */ = {
			isa = PBXGroup;
			children = (
				3F90BB121EE794AF00C9CC17 /* ios11NFCTest.entitlements */,
				3F425C481EE6B9A400F21FEC /* AppDelegate.swift */,
				3F425C4A1EE6B9A400F21FEC /* ViewController.swift */,
				3F425C4C1EE6B9A400F21FEC /* Main.storyboard */,
				3F425C4F1EE6B9A400F21FEC /* Assets.xcassets */,
				3F425C511EE6B9A400F21FEC /* LaunchScreen.storyboard */,
				3F425C541EE6B9A400F21FEC /* Info.plist */,
			);
			path = ios11NFCTest;
			sourceTree = "<group>";
		};
		3F425C5C1EE6B9A400F21FEC /* ios11NFCTestTests */ = {
			isa = PBXGroup;
			children = (
				3F425C5D1EE6B9A400F21FEC /* ios11NFCTestTests.swift */,
				3F425C5F1EE6B9A400F21FEC /* Info.plist */,
			);
			path = ios11NFCTestTests;
			sourceTree = "<group>";
		};
		3F425C671EE6B9A400F21FEC /* ios11NFCTestUITests */ = {
			isa = PBXGroup;
			children = (
				3F425C681EE6B9A400F21FEC /* ios11NFCTestUITests.swift */,
				3F425C6A1EE6B9A400F21FEC /* Info.plist */,
			);
			path = ios11NFCTestUITests;
			sourceTree = "<group>";
		};
		3F425C761EE6BAEE00F21FEC /* Frameworks */ = {
			isa = PBXGroup;
			children = (
				3F425C771EE6BAEE00F21FEC /* CoreNFC.framework */,
			);
			name = Frameworks;
			sourceTree = "<group>";
		};
/* End PBXGroup section */

/* Begin PBXNativeTarget section */
		3F425C441EE6B9A400F21FEC /* ios11NFCTest */ = {
			isa = PBXNativeTarget;
			buildConfigurationList = 3F425C6D1EE6B9A400F21FEC /* Build configuration list for PBXNativeTarget "ios11NFCTest" */;
			buildPhases = (
				3F425C411EE6B9A400F21FEC /* Sources */,
				3F425C421EE6B9A400F21FEC /* Frameworks */,
				3F425C431EE6B9A400F21FEC /* Resources */,
			);
			buildRules = (
			);
			dependencies = (
			);
			name = ios11NFCTest;
			productName = ios11NFCTest;
			productReference = 3F425C451EE6B9A400F21FEC /* ios11NFCTest.app */;
			productType = "com.apple.product-type.application";
		};
		3F425C581EE6B9A400F21FEC /* ios11NFCTestTests */ = {
			isa = PBXNativeTarget;
			buildConfigurationList = 3F425C701EE6B9A400F21FEC /* Build configuration list for PBXNativeTarget "ios11NFCTestTests" */;
			buildPhases = (
				3F425C551EE6B9A400F21FEC /* Sources */,
				3F425C561EE6B9A400F21FEC /* Frameworks */,
				3F425C571EE6B9A400F21FEC /* Resources */,
			);
			buildRules = (
			);
			dependencies = (
				3F425C5B1EE6B9A400F21FEC /* PBXTargetDependency */,
			);
			name = ios11NFCTestTests;
			productName = ios11NFCTestTests;
			productReference = 3F425C591EE6B9A400F21FEC /* ios11NFCTestTests.xctest */;
			productType = "com.apple.product-type.bundle.unit-test";
		};
		3F425C631EE6B9A400F21FEC /* ios11NFCTestUITests */ = {
			isa = PBXNativeTarget;
			buildConfigurationList = 3F425C731EE6B9A400F21FEC /* Build configuration list for PBXNativeTarget "ios11NFCTestUITests" */;
			buildPhases = (
				3F425C601EE6B9A400F21FEC /* Sources */,
				3F425C611EE6B9A400F21FEC /* Frameworks */,
				3F425C621EE6B9A400F21FEC /* Resources */,
			);
			buildRules = (
			);
			dependencies = (
				3F425C661EE6B9A400F21FEC /* PBXTargetDependency */,
			);
			name = ios11NFCTestUITests;
			productName = ios11NFCTestUITests;
			productReference = 3F425C641EE6B9A400F21FEC /* ios11NFCTestUITests.xctest */;
			productType = "com.apple.product-type.bundle.ui-testing";
		};
/* End PBXNativeTarget section */

/* Begin PBXProject section */
		3F425C3D1EE6B9A400F21FEC /* Project object */ = {
			isa = PBXProject;
			attributes = {
				LastSwiftUpdateCheck = 0900;
				LastUpgradeCheck = 0900;
				ORGANIZATIONNAME = "Media Inc";
				TargetAttributes = {
					3F425C441EE6B9A400F21FEC = {
						CreatedOnToolsVersion = 9.0;
						ProvisioningStyle = Automatic;
						SystemCapabilities = {
							com.apple.ApplePay = {
								enabled = 0;
							};
							com.apple.Maps.iOS = {
								enabled = 0;
							};
							com.apple.NetworkExtensions = {
								enabled = 0;
							};
							com.apple.Siri = {
								enabled = 1;
							};
						};
					};
					3F425C581EE6B9A400F21FEC = {
						CreatedOnToolsVersion = 9.0;
						TestTargetID = 3F425C441EE6B9A400F21FEC;
					};
					3F425C631EE6B9A400F21FEC = {
						CreatedOnToolsVersion = 9.0;
						TestTargetID = 3F425C441EE6B9A400F21FEC;
					};
				};
			};
			buildConfigurationList = 3F425C401EE6B9A400F21FEC /* Build configuration list for PBXProject "ios11NFCTest" */;
			compatibilityVersion = "Xcode 8.0";
			developmentRegion = en;
			hasScannedForEncodings = 0;
			knownRegions = (
				en,
				Base,
			);
			mainGroup = 3F425C3C1EE6B9A400F21FEC;
			productRefGroup = 3F425C461EE6B9A400F21FEC /* Products */;
			projectDirPath = "";
			projectRoot = "";
			targets = (
				3F425C441EE6B9A400F21FEC /* ios11NFCTest */,
				3F425C581EE6B9A400F21FEC /* ios11NFCTestTests */,
				3F425C631EE6B9A400F21FEC /* ios11NFCTestUITests */,
			);
		};
/* End PBXProject section */

/* Begin PBXResourcesBuildPhase section */
		3F425C431EE6B9A400F21FEC /* Resources */ = {
			isa = PBXResourcesBuildPhase;
			buildActionMask = 2147483647;
			files = (
				3F425C531EE6B9A400F21FEC /* LaunchScreen.storyboard in Resources */,
				3F425C501EE6B9A400F21FEC /* Assets.xcassets in Resources */,
				3F425C4E1EE6B9A400F21FEC /* Main.storyboard in Resources */,
			);
			runOnlyForDeploymentPostprocessing = 0;
		};
		3F425C571EE6B9A400F21FEC /* Resources */ = {
			isa = PBXResourcesBuildPhase;
			buildActionMask = 2147483647;
			files = (
			);
			runOnlyForDeploymentPostprocessing = 0;
		};
		3F425C621EE6B9A400F21FEC /* Resources */ = {
			isa = PBXResourcesBuildPhase;
			buildActionMask = 2147483647;
			files = (
			);
			runOnlyForDeploymentPostprocessing = 0;
		};
/* End PBXResourcesBuildPhase section */

/* Begin PBXSourcesBuildPhase section */
		3F425C411EE6B9A400F21FEC /* Sources */ = {
			isa = PBXSourcesBuildPhase;
			buildActionMask = 2147483647;
			files = (
				3F425C4B1EE6B9A400F21FEC /* ViewController.swift in Sources */,
				3F425C491EE6B9A400F21FEC /* AppDelegate.swift in Sources */,
			);
			runOnlyForDeploymentPostprocessing = 0;
		};
		3F425C551EE6B9A400F21FEC /* Sources */ = {
			isa = PBXSourcesBuildPhase;
			buildActionMask = 2147483647;
			files = (
				3F425C5E1EE6B9A400F21FEC /* ios11NFCTestTests.swift in Sources */,
			);
			runOnlyForDeploymentPostprocessing = 0;
		};
		3F425C601EE6B9A400F21FEC /* Sources */ = {
			isa = PBXSourcesBuildPhase;
			buildActionMask = 2147483647;
			files = (
				3F425C691EE6B9A400F21FEC /* ios11NFCTestUITests.swift in Sources */,
			);
			runOnlyForDeploymentPostprocessing = 0;
		};
/* End PBXSourcesBuildPhase section */

/* Begin PBXTargetDependency section */
		3F425C5B1EE6B9A400F21FEC /* PBXTargetDependency */ = {
			isa = PBXTargetDependency;
			target = 3F425C441EE6B9A400F21FEC /* ios11NFCTest */;
			targetProxy = 3F425C5A1EE6B9A400F21FEC /* PBXContainerItemProxy */;
		};
		3F425C661EE6B9A400F21FEC /* PBXTargetDependency */ = {
			isa = PBXTargetDependency;
			target = 3F425C441EE6B9A400F21FEC /* ios11NFCTest */;
			targetProxy = 3F425C651EE6B9A400F21FEC /* PBXContainerItemProxy */;
		};
/* End PBXTargetDependency section */

/* Begin PBXVariantGroup section */
		3F425C4C1EE6B9A400F21FEC /* Main.storyboard */ = {
			isa = PBXVariantGroup;
			children = (
				3F425C4D1EE6B9A400F21FEC /* Base */,
			);
			name = Main.storyboard;
			sourceTree = "<group>";
		};
		3F425C511EE6B9A400F21FEC /* LaunchScreen.storyboard */ = {
			isa = PBXVariantGroup;
			children = (
				3F425C521EE6B9A400F21FEC /* Base */,
			);
			name = LaunchScreen.storyboard;
			sourceTree = "<group>";
		};
/* End PBXVariantGroup section */

/* Begin XCBuildConfiguration section */
		3F425C6B1EE6B9A400F21FEC /* Debug */ = {
			isa = XCBuildConfiguration;
			buildSettings = {
				ALWAYS_SEARCH_USER_PATHS = NO;
				CLANG_ANALYZER_NONNULL = YES;
				CLANG_ANALYZER_NUMBER_OBJECT_CONVERSION = YES_AGGRESSIVE;
				CLANG_CXX_LANGUAGE_STANDARD = "gnu++14";
				CLANG_CXX_LIBRARY = "libc++";
				CLANG_ENABLE_MODULES = YES;
				CLANG_ENABLE_OBJC_ARC = YES;
				CLANG_WARN_BLOCK_CAPTURE_AUTORELEASING = YES;
				CLANG_WARN_BOOL_CONVERSION = YES;
				CLANG_WARN_COMMA = YES;
				CLANG_WARN_CONSTANT_CONVERSION = YES;
				CLANG_WARN_DIRECT_OBJC_ISA_USAGE = YES_ERROR;
				CLANG_WARN_DOCUMENTATION_COMMENTS = YES;
				CLANG_WARN_EMPTY_BODY = YES;
				CLANG_WARN_ENUM_CONVERSION = YES;
				CLANG_WARN_INFINITE_RECURSION = YES;
				CLANG_WARN_INT_CONVERSION = YES;
				CLANG_WARN_OBJC_ROOT_CLASS = YES_ERROR;
				CLANG_WARN_RANGE_LOOP_ANALYSIS = YES;
				CLANG_WARN_STRICT_PROTOTYPES = YES;
				CLANG_WARN_SUSPICIOUS_MOVE = YES;
				CLANG_WARN_UNGUARDED_AVAILABILITY = YES_AGGRESSIVE;
				CLANG_WARN_UNREACHABLE_CODE = YES;
				CLANG_WARN__DUPLICATE_METHOD_MATCH = YES;
				CODE_SIGN_IDENTITY = "iPhone Developer";
				COPY_PHASE_STRIP = NO;
				DEBUG_INFORMATION_FORMAT = dwarf;
				ENABLE_STRICT_OBJC_MSGSEND = YES;
				ENABLE_TESTABILITY = YES;
				GCC_C_LANGUAGE_STANDARD = gnu11;
				GCC_DYNAMIC_NO_PIC = NO;
				GCC_NO_COMMON_BLOCKS = YES;
				GCC_OPTIMIZATION_LEVEL = 0;
				GCC_PREPROCESSOR_DEFINITIONS = (
					"DEBUG=1",
					"$(inherited)",
				);
				GCC_WARN_64_TO_32_BIT_CONVERSION = YES;
				GCC_WARN_ABOUT_RETURN_TYPE = YES_ERROR;
				GCC_WARN_UNDECLARED_SELECTOR = YES;
				GCC_WARN_UNINITIALIZED_AUTOS = YES_AGGRESSIVE;
				GCC_WARN_UNUSED_FUNCTION = YES;
				GCC_WARN_UNUSED_VARIABLE = YES;
				IPHONEOS_DEPLOYMENT_TARGET = 11.0;
				MTL_ENABLE_DEBUG_INFO = YES;
				ONLY_ACTIVE_ARCH = YES;
				SDKROOT = iphoneos;
				SWIFT_ACTIVE_COMPILATION_CONDITIONS = DEBUG;
				SWIFT_OPTIMIZATION_LEVEL = "-Onone";
			};
			name = Debug;
		};
		3F425C6C1EE6B9A400F21FEC /* Release */ = {
			isa = XCBuildConfiguration;
			buildSettings = {
				ALWAYS_SEARCH_USER_PATHS = NO;
				CLANG_ANALYZER_NONNULL = YES;
				CLANG_ANALYZER_NUMBER_OBJECT_CONVERSION = YES_AGGRESSIVE;
				CLANG_CXX_LANGUAGE_STANDARD = "gnu++14";
				CLANG_CXX_LIBRARY = "libc++";
				CLANG_ENABLE_MODULES = YES;
				CLANG_ENABLE_OBJC_ARC = YES;
				CLANG_WARN_BLOCK_CAPTURE_AUTORELEASING = YES;
				CLANG_WARN_BOOL_CONVERSION = YES;
				CLANG_WARN_COMMA = YES;
				CLANG_WARN_CONSTANT_CONVERSION = YES;
				CLANG_WARN_DIRECT_OBJC_ISA_USAGE = YES_ERROR;
				CLANG_WARN_DOCUMENTATION_COMMENTS = YES;
				CLANG_WARN_EMPTY_BODY = YES;
				CLANG_WARN_ENUM_CONVERSION = YES;
				CLANG_WARN_INFINITE_RECURSION = YES;
				CLANG_WARN_INT_CONVERSION = YES;
				CLANG_WARN_OBJC_ROOT_CLASS = YES_ERROR;
				CLANG_WARN_RANGE_LOOP_ANALYSIS = YES;
				CLANG_WARN_STRICT_PROTOTYPES = YES;
				CLANG_WARN_SUSPICIOUS_MOVE = YES;
				CLANG_WARN_UNGUARDED_AVAILABILITY = YES_AGGRESSIVE;
				CLANG_WARN_UNREACHABLE_CODE = YES;
				CLANG_WARN__DUPLICATE_METHOD_MATCH = YES;
				CODE_SIGN_IDENTITY = "iPhone Developer";
				COPY_PHASE_STRIP = NO;
				DEBUG_INFORMATION_FORMAT = "dwarf-with-dsym";
				ENABLE_NS_ASSERTIONS = NO;
				ENABLE_STRICT_OBJC_MSGSEND = YES;
				GCC_C_LANGUAGE_STANDARD = gnu11;
				GCC_NO_COMMON_BLOCKS = YES;
				GCC_WARN_64_TO_32_BIT_CONVERSION = YES;
				GCC_WARN_ABOUT_RETURN_TYPE = YES_ERROR;
				GCC_WARN_UNDECLARED_SELECTOR = YES;
				GCC_WARN_UNINITIALIZED_AUTOS = YES_AGGRESSIVE;
				GCC_WARN_UNUSED_FUNCTION = YES;
				GCC_WARN_UNUSED_VARIABLE = YES;
				IPHONEOS_DEPLOYMENT_TARGET = 11.0;
				MTL_ENABLE_DEBUG_INFO = NO;
				SDKROOT = iphoneos;
				SWIFT_OPTIMIZATION_LEVEL = "-Owholemodule";
				VALIDATE_PRODUCT = YES;
			};
			name = Release;
		};
		3F425C6E1EE6B9A400F21FEC /* Debug */ = {
			isa = XCBuildConfiguration;
			buildSettings = {
				ASSETCATALOG_COMPILER_APPICON_NAME = AppIcon;
				CODE_SIGN_ENTITLEMENTS = ios11NFCTest/ios11NFCTest.entitlements;
				"CODE_SIGN_IDENTITY[sdk=iphoneos*]" = "iPhone Developer";
				CODE_SIGN_STYLE = Automatic;
				DEVELOPMENT_TEAM = 3L2AQ75CVJ;
				INFOPLIST_FILE = ios11NFCTest/Info.plist;
				LD_RUNPATH_SEARCH_PATHS = "$(inherited) @executable_path/Frameworks";
				PRODUCT_BUNDLE_IDENTIFIER = net.xdig.ios11NFCTest;
				PRODUCT_NAME = "$(TARGET_NAME)";
				PROVISIONING_PROFILE = "";
				PROVISIONING_PROFILE_SPECIFIER = "";
				SWIFT_VERSION = 4.0;
				TARGETED_DEVICE_FAMILY = "1,2";
			};
			name = Debug;
		};
		3F425C6F1EE6B9A400F21FEC /* Release */ = {
			isa = XCBuildConfiguration;
			buildSettings = {
				ASSETCATALOG_COMPILER_APPICON_NAME = AppIcon;
				CODE_SIGN_ENTITLEMENTS = ios11NFCTest/ios11NFCTest.entitlements;
				"CODE_SIGN_IDENTITY[sdk=iphoneos*]" = "iPhone Developer";
				CODE_SIGN_STYLE = Automatic;
				DEVELOPMENT_TEAM = 3L2AQ75CVJ;
				INFOPLIST_FILE = ios11NFCTest/Info.plist;
				LD_RUNPATH_SEARCH_PATHS = "$(inherited) @executable_path/Frameworks";
				PRODUCT_BUNDLE_IDENTIFIER = net.xdig.ios11NFCTest;
				PRODUCT_NAME = "$(TARGET_NAME)";
				PROVISIONING_PROFILE_SPECIFIER = "";
				SWIFT_VERSION = 4.0;
				TARGETED_DEVICE_FAMILY = "1,2";
			};
			name = Release;
		};
		3F425C711EE6B9A400F21FEC /* Debug */ = {
			isa = XCBuildConfiguration;
			buildSettings = {
				ALWAYS_EMBED_SWIFT_STANDARD_LIBRARIES = YES;
				BUNDLE_LOADER = "$(TEST_HOST)";
				DEVELOPMENT_TEAM = J3THN542A8;
				INFOPLIST_FILE = ios11NFCTestTests/Info.plist;
				LD_RUNPATH_SEARCH_PATHS = "$(inherited) @executable_path/Frameworks @loader_path/Frameworks";
				PRODUCT_BUNDLE_IDENTIFIER = "jp.co.media-inc.ios11NFCTestTests";
				PRODUCT_NAME = "$(TARGET_NAME)";
				SWIFT_VERSION = 4.0;
				TARGETED_DEVICE_FAMILY = "1,2";
				TEST_HOST = "$(BUILT_PRODUCTS_DIR)/ios11NFCTest.app/ios11NFCTest";
			};
			name = Debug;
		};
		3F425C721EE6B9A400F21FEC /* Release */ = {
			isa = XCBuildConfiguration;
			buildSettings = {
				ALWAYS_EMBED_SWIFT_STANDARD_LIBRARIES = YES;
				BUNDLE_LOADER = "$(TEST_HOST)";
				DEVELOPMENT_TEAM = J3THN542A8;
				INFOPLIST_FILE = ios11NFCTestTests/Info.plist;
				LD_RUNPATH_SEARCH_PATHS = "$(inherited) @executable_path/Frameworks @loader_path/Frameworks";
				PRODUCT_BUNDLE_IDENTIFIER = "jp.co.media-inc.ios11NFCTestTests";
				PRODUCT_NAME = "$(TARGET_NAME)";
				SWIFT_VERSION = 4.0;
				TARGETED_DEVICE_FAMILY = "1,2";
				TEST_HOST = "$(BUILT_PRODUCTS_DIR)/ios11NFCTest.app/ios11NFCTest";
			};
			name = Release;
		};
		3F425C741EE6B9A400F21FEC /* Debug */ = {
			isa = XCBuildConfiguration;
			buildSettings = {
				ALWAYS_EMBED_SWIFT_STANDARD_LIBRARIES = YES;
				DEVELOPMENT_TEAM = J3THN542A8;
				INFOPLIST_FILE = ios11NFCTestUITests/Info.plist;
				LD_RUNPATH_SEARCH_PATHS = "$(inherited) @executable_path/Frameworks @loader_path/Frameworks";
				PRODUCT_BUNDLE_IDENTIFIER = "jp.co.media-inc.ios11NFCTestUITests";
				PRODUCT_NAME = "$(TARGET_NAME)";
				SWIFT_VERSION = 4.0;
				TARGETED_DEVICE_FAMILY = "1,2";
				TEST_TARGET_NAME = ios11NFCTest;
			};
			name = Debug;
		};
		3F425C751EE6B9A400F21FEC /* Release */ = {
			isa = XCBuildConfiguration;
			buildSettings = {
				ALWAYS_EMBED_SWIFT_STANDARD_LIBRARIES = YES;
				DEVELOPMENT_TEAM = J3THN542A8;
				INFOPLIST_FILE = ios11NFCTestUITests/Info.plist;
				LD_RUNPATH_SEARCH_PATHS = "$(inherited) @executable_path/Frameworks @loader_path/Frameworks";
				PRODUCT_BUNDLE_IDENTIFIER = "jp.co.media-inc.ios11NFCTestUITests";
				PRODUCT_NAME = "$(TARGET_NAME)";
				SWIFT_VERSION = 4.0;
				TARGETED_DEVICE_FAMILY = "1,2";
				TEST_TARGET_NAME = ios11NFCTest;
			};
			name = Release;
		};
/* End XCBuildConfiguration section */

/* Begin XCConfigurationList section */
		3F425C401EE6B9A400F21FEC /* Build configuration list for PBXProject "ios11NFCTest" */ = {
			isa = XCConfigurationList;
			buildConfigurations = (
				3F425C6B1EE6B9A400F21FEC /* Debug */,
				3F425C6C1EE6B9A400F21FEC /* Release */,
			);
			defaultConfigurationIsVisible = 0;
			defaultConfigurationName = Release;
		};
		3F425C6D1EE6B9A400F21FEC /* Build configuration list for PBXNativeTarget "ios11NFCTest" */ = {
			isa = XCConfigurationList;
			buildConfigurations = (
				3F425C6E1EE6B9A400F21FEC /* Debug */,
				3F425C6F1EE6B9A400F21FEC /* Release */,
			);
			defaultConfigurationIsVisible = 0;
			defaultConfigurationName = Release;
		};
		3F425C701EE6B9A400F21FEC /* Build configuration list for PBXNativeTarget "ios11NFCTestTests" */ = {
			isa = XCConfigurationList;
			buildConfigurations = (
				3F425C711EE6B9A400F21FEC /* Debug */,
				3F425C721EE6B9A400F21FEC /* Release */,
			);
			defaultConfigurationIsVisible = 0;
			defaultConfigurationName = Release;
		};
		3F425C731EE6B9A400F21FEC /* Build configuration list for PBXNativeTarget "ios11NFCTestUITests" */ = {
			isa = XCConfigurationList;
			buildConfigurations = (
				3F425C741EE6B9A400F21FEC /* Debug */,
				3F425C751EE6B9A400F21FEC /* Release */,
			);
			defaultConfigurationIsVisible = 0;
			defaultConfigurationName = Release;
		};
/* End XCConfigurationList section */
	};
	rootObject = 3F425C3D1EE6B9A400F21FEC /* Project object */;
}
